// !$*UTF8*$!
{
	archiveVersion = 1;
	classes = {
	};
	objectVersion = 55;
	objects = {

/* Begin PBXBuildFile section */
		16BD9E32286E22A800D91184 /* AppDelegate.swift in Sources */ = {isa = PBXBuildFile; fileRef = 16BD9E31286E22A800D91184 /* AppDelegate.swift */; };
		16BD9E34286E22A800D91184 /* SceneDelegate.swift in Sources */ = {isa = PBXBuildFile; fileRef = 16BD9E33286E22A800D91184 /* SceneDelegate.swift */; };
		16BD9E36286E22A800D91184 /* ViewController.swift in Sources */ = {isa = PBXBuildFile; fileRef = 16BD9E35286E22A800D91184 /* ViewController.swift */; };
		16BD9E39286E22A800D91184 /* Main.storyboard in Resources */ = {isa = PBXBuildFile; fileRef = 16BD9E37286E22A800D91184 /* Main.storyboard */; };
		16BD9E3C286E22A800D91184 /* esteeLauder.xcdatamodeld in Sources */ = {isa = PBXBuildFile; fileRef = 16BD9E3A286E22A800D91184 /* esteeLauder.xcdatamodeld */; };
		16BD9E3E286E22AE00D91184 /* Assets.xcassets in Resources */ = {isa = PBXBuildFile; fileRef = 16BD9E3D286E22AE00D91184 /* Assets.xcassets */; };
		16BD9E41286E22AE00D91184 /* LaunchScreen.storyboard in Resources */ = {isa = PBXBuildFile; fileRef = 16BD9E3F286E22AE00D91184 /* LaunchScreen.storyboard */; };
		16BD9E4C286E22AF00D91184 /* esteeLauderTests.swift in Sources */ = {isa = PBXBuildFile; fileRef = 16BD9E4B286E22AF00D91184 /* esteeLauderTests.swift */; };
		16BD9E56286E22AF00D91184 /* esteeLauderUITests.swift in Sources */ = {isa = PBXBuildFile; fileRef = 16BD9E55286E22AF00D91184 /* esteeLauderUITests.swift */; };
		16BD9E58286E22AF00D91184 /* esteeLauderUITestsLaunchTests.swift in Sources */ = {isa = PBXBuildFile; fileRef = 16BD9E57286E22AF00D91184 /* esteeLauderUITestsLaunchTests.swift */; };
		16BD9E65286E23FA00D91184 /* Optima-Font in Resources */ = {isa = PBXBuildFile; fileRef = 16BD9E64286E23FA00D91184 /* Optima-Font */; };
		16BD9E67286E2BC500D91184 /* akzidenz_sv in Resources */ = {isa = PBXBuildFile; fileRef = 16BD9E66286E2BC400D91184 /* akzidenz_sv */; };
		16BD9E69286E49BF00D91184 /* ProductsViewController.swift in Sources */ = {isa = PBXBuildFile; fileRef = 16BD9E68286E49BF00D91184 /* ProductsViewController.swift */; };
/* End PBXBuildFile section */

/* Begin PBXContainerItemProxy section */
		16BD9E48286E22AE00D91184 /* PBXContainerItemProxy */ = {
			isa = PBXContainerItemProxy;
			containerPortal = 16BD9E26286E22A800D91184 /* Project object */;
			proxyType = 1;
			remoteGlobalIDString = 16BD9E2D286E22A800D91184;
			remoteInfo = esteeLauder;
		};
		16BD9E52286E22AF00D91184 /* PBXContainerItemProxy */ = {
			isa = PBXContainerItemProxy;
			containerPortal = 16BD9E26286E22A800D91184 /* Project object */;
			proxyType = 1;
			remoteGlobalIDString = 16BD9E2D286E22A800D91184;
			remoteInfo = esteeLauder;
		};
/* End PBXContainerItemProxy section */

/* Begin PBXFileReference section */
		16BD9E2E286E22A800D91184 /* esteeLauder.app */ = {isa = PBXFileReference; explicitFileType = wrapper.application; includeInIndex = 0; path = esteeLauder.app; sourceTree = BUILT_PRODUCTS_DIR; };
		16BD9E31286E22A800D91184 /* AppDelegate.swift */ = {isa = PBXFileReference; lastKnownFileType = sourcecode.swift; path = AppDelegate.swift; sourceTree = "<group>"; };
		16BD9E33286E22A800D91184 /* SceneDelegate.swift */ = {isa = PBXFileReference; lastKnownFileType = sourcecode.swift; path = SceneDelegate.swift; sourceTree = "<group>"; };
		16BD9E35286E22A800D91184 /* ViewController.swift */ = {isa = PBXFileReference; lastKnownFileType = sourcecode.swift; path = ViewController.swift; sourceTree = "<group>"; };
		16BD9E38286E22A800D91184 /* Base */ = {isa = PBXFileReference; lastKnownFileType = file.storyboard; name = Base; path = Base.lproj/Main.storyboard; sourceTree = "<group>"; };
		16BD9E3B286E22A800D91184 /* esteeLauder.xcdatamodel */ = {isa = PBXFileReference; lastKnownFileType = wrapper.xcdatamodel; path = esteeLauder.xcdatamodel; sourceTree = "<group>"; };
		16BD9E3D286E22AE00D91184 /* Assets.xcassets */ = {isa = PBXFileReference; lastKnownFileType = folder.assetcatalog; path = Assets.xcassets; sourceTree = "<group>"; };
		16BD9E40286E22AE00D91184 /* Base */ = {isa = PBXFileReference; lastKnownFileType = file.storyboard; name = Base; path = Base.lproj/LaunchScreen.storyboard; sourceTree = "<group>"; };
		16BD9E42286E22AE00D91184 /* Info.plist */ = {isa = PBXFileReference; lastKnownFileType = text.plist.xml; path = Info.plist; sourceTree = "<group>"; };
		16BD9E47286E22AE00D91184 /* esteeLauderTests.xctest */ = {isa = PBXFileReference; explicitFileType = wrapper.cfbundle; includeInIndex = 0; path = esteeLauderTests.xctest; sourceTree = BUILT_PRODUCTS_DIR; };
		16BD9E4B286E22AF00D91184 /* esteeLauderTests.swift */ = {isa = PBXFileReference; lastKnownFileType = sourcecode.swift; path = esteeLauderTests.swift; sourceTree = "<group>"; };
		16BD9E51286E22AF00D91184 /* esteeLauderUITests.xctest */ = {isa = PBXFileReference; explicitFileType = wrapper.cfbundle; includeInIndex = 0; path = esteeLauderUITests.xctest; sourceTree = BUILT_PRODUCTS_DIR; };
		16BD9E55286E22AF00D91184 /* esteeLauderUITests.swift */ = {isa = PBXFileReference; lastKnownFileType = sourcecode.swift; path = esteeLauderUITests.swift; sourceTree = "<group>"; };
		16BD9E57286E22AF00D91184 /* esteeLauderUITestsLaunchTests.swift */ = {isa = PBXFileReference; lastKnownFileType = sourcecode.swift; path = esteeLauderUITestsLaunchTests.swift; sourceTree = "<group>"; };
		16BD9E64286E23FA00D91184 /* Optima-Font */ = {isa = PBXFileReference; lastKnownFileType = folder; name = "Optima-Font"; path = "../../Optima-Font"; sourceTree = "<group>"; };
		16BD9E66286E2BC400D91184 /* akzidenz_sv */ = {isa = PBXFileReference; lastKnownFileType = folder; path = akzidenz_sv; sourceTree = "<group>"; };
		16BD9E68286E49BF00D91184 /* ProductsViewController.swift */ = {isa = PBXFileReference; lastKnownFileType = sourcecode.swift; path = ProductsViewController.swift; sourceTree = "<group>"; };
/* End PBXFileReference section */

/* Begin PBXFrameworksBuildPhase section */
		16BD9E2B286E22A800D91184 /* Frameworks */ = {
			isa = PBXFrameworksBuildPhase;
			buildActionMask = 2147483647;
			files = (
			);
			runOnlyForDeploymentPostprocessing = 0;
		};
		16BD9E44286E22AE00D91184 /* Frameworks */ = {
			isa = PBXFrameworksBuildPhase;
			buildActionMask = 2147483647;
			files = (
			);
			runOnlyForDeploymentPostprocessing = 0;
		};
		16BD9E4E286E22AF00D91184 /* Frameworks */ = {
			isa = PBXFrameworksBuildPhase;
			buildActionMask = 2147483647;
			files = (
			);
			runOnlyForDeploymentPostprocessing = 0;
		};
/* End PBXFrameworksBuildPhase section */

/* Begin PBXGroup section */
		16BD9E25286E22A800D91184 = {
			isa = PBXGroup;
			children = (
				16BD9E66286E2BC400D91184 /* akzidenz_sv */,
				16BD9E64286E23FA00D91184 /* Optima-Font */,
				16BD9E30286E22A800D91184 /* esteeLauder */,
				16BD9E4A286E22AF00D91184 /* esteeLauderTests */,
				16BD9E54286E22AF00D91184 /* esteeLauderUITests */,
				16BD9E2F286E22A800D91184 /* Products */,
			);
			sourceTree = "<group>";
		};
		16BD9E2F286E22A800D91184 /* Products */ = {
			isa = PBXGroup;
			children = (
				16BD9E2E286E22A800D91184 /* esteeLauder.app */,
				16BD9E47286E22AE00D91184 /* esteeLauderTests.xctest */,
				16BD9E51286E22AF00D91184 /* esteeLauderUITests.xctest */,
			);
			name = Products;
			sourceTree = "<group>";
		};
		16BD9E30286E22A800D91184 /* esteeLauder */ = {
			isa = PBXGroup;
			children = (
				16BD9E31286E22A800D91184 /* AppDelegate.swift */,
				16BD9E33286E22A800D91184 /* SceneDelegate.swift */,
				16BD9E35286E22A800D91184 /* ViewController.swift */,
				16BD9E68286E49BF00D91184 /* ProductsViewController.swift */,
				16BD9E37286E22A800D91184 /* Main.storyboard */,
				16BD9E3D286E22AE00D91184 /* Assets.xcassets */,
				16BD9E3F286E22AE00D91184 /* LaunchScreen.storyboard */,
				16BD9E42286E22AE00D91184 /* Info.plist */,
				16BD9E3A286E22A800D91184 /* esteeLauder.xcdatamodeld */,
			);
			path = esteeLauder;
			sourceTree = "<group>";
		};
		16BD9E4A286E22AF00D91184 /* esteeLauderTests */ = {
			isa = PBXGroup;
			children = (
				16BD9E4B286E22AF00D91184 /* esteeLauderTests.swift */,
			);
			path = esteeLauderTests;
			sourceTree = "<group>";
		};
		16BD9E54286E22AF00D91184 /* esteeLauderUITests */ = {
			isa = PBXGroup;
			children = (
				16BD9E55286E22AF00D91184 /* esteeLauderUITests.swift */,
				16BD9E57286E22AF00D91184 /* esteeLauderUITestsLaunchTests.swift */,
			);
			path = esteeLauderUITests;
			sourceTree = "<group>";
		};
/* End PBXGroup section */

/* Begin PBXNativeTarget section */
		16BD9E2D286E22A800D91184 /* esteeLauder */ = {
			isa = PBXNativeTarget;
			buildConfigurationList = 16BD9E5B286E22AF00D91184 /* Build configuration list for PBXNativeTarget "esteeLauder" */;
			buildPhases = (
				16BD9E2A286E22A800D91184 /* Sources */,
				16BD9E2B286E22A800D91184 /* Frameworks */,
				16BD9E2C286E22A800D91184 /* Resources */,
			);
			buildRules = (
			);
			dependencies = (
			);
			name = esteeLauder;
			productName = esteeLauder;
			productReference = 16BD9E2E286E22A800D91184 /* esteeLauder.app */;
			productType = "com.apple.product-type.application";
		};
		16BD9E46286E22AE00D91184 /* esteeLauderTests */ = {
			isa = PBXNativeTarget;
			buildConfigurationList = 16BD9E5E286E22AF00D91184 /* Build configuration list for PBXNativeTarget "esteeLauderTests" */;
			buildPhases = (
				16BD9E43286E22AE00D91184 /* Sources */,
				16BD9E44286E22AE00D91184 /* Frameworks */,
				16BD9E45286E22AE00D91184 /* Resources */,
			);
			buildRules = (
			);
			dependencies = (
				16BD9E49286E22AE00D91184 /* PBXTargetDependency */,
			);
			name = esteeLauderTests;
			productName = esteeLauderTests;
			productReference = 16BD9E47286E22AE00D91184 /* esteeLauderTests.xctest */;
			productType = "com.apple.product-type.bundle.unit-test";
		};
		16BD9E50286E22AF00D91184 /* esteeLauderUITests */ = {
			isa = PBXNativeTarget;
			buildConfigurationList = 16BD9E61286E22AF00D91184 /* Build configuration list for PBXNativeTarget "esteeLauderUITests" */;
			buildPhases = (
				16BD9E4D286E22AF00D91184 /* Sources */,
				16BD9E4E286E22AF00D91184 /* Frameworks */,
				16BD9E4F286E22AF00D91184 /* Resources */,
			);
			buildRules = (
			);
			dependencies = (
				16BD9E53286E22AF00D91184 /* PBXTargetDependency */,
			);
			name = esteeLauderUITests;
			productName = esteeLauderUITests;
			productReference = 16BD9E51286E22AF00D91184 /* esteeLauderUITests.xctest */;
			productType = "com.apple.product-type.bundle.ui-testing";
		};
/* End PBXNativeTarget section */

/* Begin PBXProject section */
		16BD9E26286E22A800D91184 /* Project object */ = {
			isa = PBXProject;
			attributes = {
				BuildIndependentTargetsInParallel = 1;
				LastSwiftUpdateCheck = 1320;
				LastUpgradeCheck = 1320;
				TargetAttributes = {
					16BD9E2D286E22A800D91184 = {
						CreatedOnToolsVersion = 13.2.1;
					};
					16BD9E46286E22AE00D91184 = {
						CreatedOnToolsVersion = 13.2.1;
						TestTargetID = 16BD9E2D286E22A800D91184;
					};
					16BD9E50286E22AF00D91184 = {
						CreatedOnToolsVersion = 13.2.1;
						TestTargetID = 16BD9E2D286E22A800D91184;
					};
				};
			};
			buildConfigurationList = 16BD9E29286E22A800D91184 /* Build configuration list for PBXProject "esteeLauder" */;
			compatibilityVersion = "Xcode 13.0";
			developmentRegion = en;
			hasScannedForEncodings = 0;
			knownRegions = (
				en,
				Base,
			);
			mainGroup = 16BD9E25286E22A800D91184;
			productRefGroup = 16BD9E2F286E22A800D91184 /* Products */;
			projectDirPath = "";
			projectRoot = "";
			targets = (
				16BD9E2D286E22A800D91184 /* esteeLauder */,
				16BD9E46286E22AE00D91184 /* esteeLauderTests */,
				16BD9E50286E22AF00D91184 /* esteeLauderUITests */,
			);
		};
/* End PBXProject section */

/* Begin PBXResourcesBuildPhase section */
		16BD9E2C286E22A800D91184 /* Resources */ = {
			isa = PBXResourcesBuildPhase;
			buildActionMask = 2147483647;
			files = (
				16BD9E41286E22AE00D91184 /* LaunchScreen.storyboard in Resources */,
				16BD9E67286E2BC500D91184 /* akzidenz_sv in Resources */,
				16BD9E65286E23FA00D91184 /* Optima-Font in Resources */,
				16BD9E3E286E22AE00D91184 /* Assets.xcassets in Resources */,
				16BD9E39286E22A800D91184 /* Main.storyboard in Resources */,
			);
			runOnlyForDeploymentPostprocessing = 0;
		};
		16BD9E45286E22AE00D91184 /* Resources */ = {
			isa = PBXResourcesBuildPhase;
			buildActionMask = 2147483647;
			files = (
			);
			runOnlyForDeploymentPostprocessing = 0;
		};
		16BD9E4F286E22AF00D91184 /* Resources */ = {
			isa = PBXResourcesBuildPhase;
			buildActionMask = 2147483647;
			files = (
			);
			runOnlyForDeploymentPostprocessing = 0;
		};
/* End PBXResourcesBuildPhase section */

/* Begin PBXSourcesBuildPhase section */
		16BD9E2A286E22A800D91184 /* Sources */ = {
			isa = PBXSourcesBuildPhase;
			buildActionMask = 2147483647;
			files = (
				16BD9E36286E22A800D91184 /* ViewController.swift in Sources */,
				16BD9E32286E22A800D91184 /* AppDelegate.swift in Sources */,
				16BD9E34286E22A800D91184 /* SceneDelegate.swift in Sources */,
				16BD9E3C286E22A800D91184 /* esteeLauder.xcdatamodeld in Sources */,
				16BD9E69286E49BF00D91184 /* ProductsViewController.swift in Sources */,
			);
			runOnlyForDeploymentPostprocessing = 0;
		};
		16BD9E43286E22AE00D91184 /* Sources */ = {
			isa = PBXSourcesBuildPhase;
			buildActionMask = 2147483647;
			files = (
				16BD9E4C286E22AF00D91184 /* esteeLauderTests.swift in Sources */,
			);
			runOnlyForDeploymentPostprocessing = 0;
		};
		16BD9E4D286E22AF00D91184 /* Sources */ = {
			isa = PBXSourcesBuildPhase;
			buildActionMask = 2147483647;
			files = (
				16BD9E58286E22AF00D91184 /* esteeLauderUITestsLaunchTests.swift in Sources */,
				16BD9E56286E22AF00D91184 /* esteeLauderUITests.swift in Sources */,
			);
			runOnlyForDeploymentPostprocessing = 0;
		};
/* End PBXSourcesBuildPhase section */

/* Begin PBXTargetDependency section */
		16BD9E49286E22AE00D91184 /* PBXTargetDependency */ = {
			isa = PBXTargetDependency;
			target = 16BD9E2D286E22A800D91184 /* esteeLauder */;
			targetProxy = 16BD9E48286E22AE00D91184 /* PBXContainerItemProxy */;
		};
		16BD9E53286E22AF00D91184 /* PBXTargetDependency */ = {
			isa = PBXTargetDependency;
			target = 16BD9E2D286E22A800D91184 /* esteeLauder */;
			targetProxy = 16BD9E52286E22AF00D91184 /* PBXContainerItemProxy */;
		};
/* End PBXTargetDependency section */

/* Begin PBXVariantGroup section */
		16BD9E37286E22A800D91184 /* Main.storyboard */ = {
			isa = PBXVariantGroup;
			children = (
				16BD9E38286E22A800D91184 /* Base */,
			);
			name = Main.storyboard;
			sourceTree = "<group>";
		};
		16BD9E3F286E22AE00D91184 /* LaunchScreen.storyboard */ = {
			isa = PBXVariantGroup;
			children = (
				16BD9E40286E22AE00D91184 /* Base */,
			);
			name = LaunchScreen.storyboard;
			sourceTree = "<group>";
		};
/* End PBXVariantGroup section */

/* Begin XCBuildConfiguration section */
		16BD9E59286E22AF00D91184 /* Debug */ = {
			isa = XCBuildConfiguration;
			buildSettings = {
				ALWAYS_SEARCH_USER_PATHS = NO;
				CLANG_ANALYZER_NONNULL = YES;
				CLANG_ANALYZER_NUMBER_OBJECT_CONVERSION = YES_AGGRESSIVE;
				CLANG_CXX_LANGUAGE_STANDARD = "gnu++17";
				CLANG_CXX_LIBRARY = "libc++";
				CLANG_ENABLE_MODULES = YES;
				CLANG_ENABLE_OBJC_ARC = YES;
				CLANG_ENABLE_OBJC_WEAK = YES;
				CLANG_WARN_BLOCK_CAPTURE_AUTORELEASING = YES;
				CLANG_WARN_BOOL_CONVERSION = YES;
				CLANG_WARN_COMMA = YES;
				CLANG_WARN_CONSTANT_CONVERSION = YES;
				CLANG_WARN_DEPRECATED_OBJC_IMPLEMENTATIONS = YES;
				CLANG_WARN_DIRECT_OBJC_ISA_USAGE = YES_ERROR;
				CLANG_WARN_DOCUMENTATION_COMMENTS = YES;
				CLANG_WARN_EMPTY_BODY = YES;
				CLANG_WARN_ENUM_CONVERSION = YES;
				CLANG_WARN_INFINITE_RECURSION = YES;
				CLANG_WARN_INT_CONVERSION = YES;
				CLANG_WARN_NON_LITERAL_NULL_CONVERSION = YES;
				CLANG_WARN_OBJC_IMPLICIT_RETAIN_SELF = YES;
				CLANG_WARN_OBJC_LITERAL_CONVERSION = YES;
				CLANG_WARN_OBJC_ROOT_CLASS = YES_ERROR;
				CLANG_WARN_QUOTED_INCLUDE_IN_FRAMEWORK_HEADER = YES;
				CLANG_WARN_RANGE_LOOP_ANALYSIS = YES;
				CLANG_WARN_STRICT_PROTOTYPES = YES;
				CLANG_WARN_SUSPICIOUS_MOVE = YES;
				CLANG_WARN_UNGUARDED_AVAILABILITY = YES_AGGRESSIVE;
				CLANG_WARN_UNREACHABLE_CODE = YES;
				CLANG_WARN__DUPLICATE_METHOD_MATCH = YES;
				COPY_PHASE_STRIP = NO;
				DEBUG_INFORMATION_FORMAT = dwarf;
				ENABLE_STRICT_OBJC_MSGSEND = YES;
				ENABLE_TESTABILITY = YES;
				GCC_C_LANGUAGE_STANDARD = gnu11;
				GCC_DYNAMIC_NO_PIC = NO;
				GCC_NO_COMMON_BLOCKS = YES;
				GCC_OPTIMIZATION_LEVEL = 0;
				GCC_PREPROCESSOR_DEFINITIONS = (
					"DEBUG=1",
					"$(inherited)",
				);
				GCC_WARN_64_TO_32_BIT_CONVERSION = YES;
				GCC_WARN_ABOUT_RETURN_TYPE = YES_ERROR;
				GCC_WARN_UNDECLARED_SELECTOR = YES;
				GCC_WARN_UNINITIALIZED_AUTOS = YES_AGGRESSIVE;
				GCC_WARN_UNUSED_FUNCTION = YES;
				GCC_WARN_UNUSED_VARIABLE = YES;
				IPHONEOS_DEPLOYMENT_TARGET = 15.2;
				MTL_ENABLE_DEBUG_INFO = INCLUDE_SOURCE;
				MTL_FAST_MATH = YES;
				ONLY_ACTIVE_ARCH = YES;
				SDKROOT = iphoneos;
				SWIFT_ACTIVE_COMPILATION_CONDITIONS = DEBUG;
				SWIFT_OPTIMIZATION_LEVEL = "-Onone";
			};
			name = Debug;
		};
		16BD9E5A286E22AF00D91184 /* Release */ = {
			isa = XCBuildConfiguration;
			buildSettings = {
				ALWAYS_SEARCH_USER_PATHS = NO;
				CLANG_ANALYZER_NONNULL = YES;
				CLANG_ANALYZER_NUMBER_OBJECT_CONVERSION = YES_AGGRESSIVE;
				CLANG_CXX_LANGUAGE_STANDARD = "gnu++17";
				CLANG_CXX_LIBRARY = "libc++";
				CLANG_ENABLE_MODULES = YES;
				CLANG_ENABLE_OBJC_ARC = YES;
				CLANG_ENABLE_OBJC_WEAK = YES;
				CLANG_WARN_BLOCK_CAPTURE_AUTORELEASING = YES;
				CLANG_WARN_BOOL_CONVERSION = YES;
				CLANG_WARN_COMMA = YES;
				CLANG_WARN_CONSTANT_CONVERSION = YES;
				CLANG_WARN_DEPRECATED_OBJC_IMPLEMENTATIONS = YES;
				CLANG_WARN_DIRECT_OBJC_ISA_USAGE = YES_ERROR;
				CLANG_WARN_DOCUMENTATION_COMMENTS = YES;
				CLANG_WARN_EMPTY_BODY = YES;
				CLANG_WARN_ENUM_CONVERSION = YES;
				CLANG_WARN_INFINITE_RECURSION = YES;
				CLANG_WARN_INT_CONVERSION = YES;
				CLANG_WARN_NON_LITERAL_NULL_CONVERSION = YES;
				CLANG_WARN_OBJC_IMPLICIT_RETAIN_SELF = YES;
				CLANG_WARN_OBJC_LITERAL_CONVERSION = YES;
				CLANG_WARN_OBJC_ROOT_CLASS = YES_ERROR;
				CLANG_WARN_QUOTED_INCLUDE_IN_FRAMEWORK_HEADER = YES;
				CLANG_WARN_RANGE_LOOP_ANALYSIS = YES;
				CLANG_WARN_STRICT_PROTOTYPES = YES;
				CLANG_WARN_SUSPICIOUS_MOVE = YES;
				CLANG_WARN_UNGUARDED_AVAILABILITY = YES_AGGRESSIVE;
				CLANG_WARN_UNREACHABLE_CODE = YES;
				CLANG_WARN__DUPLICATE_METHOD_MATCH = YES;
				COPY_PHASE_STRIP = NO;
				DEBUG_INFORMATION_FORMAT = "dwarf-with-dsym";
				ENABLE_NS_ASSERTIONS = NO;
				ENABLE_STRICT_OBJC_MSGSEND = YES;
				GCC_C_LANGUAGE_STANDARD = gnu11;
				GCC_NO_COMMON_BLOCKS = YES;
				GCC_WARN_64_TO_32_BIT_CONVERSION = YES;
				GCC_WARN_ABOUT_RETURN_TYPE = YES_ERROR;
				GCC_WARN_UNDECLARED_SELECTOR = YES;
				GCC_WARN_UNINITIALIZED_AUTOS = YES_AGGRESSIVE;
				GCC_WARN_UNUSED_FUNCTION = YES;
				GCC_WARN_UNUSED_VARIABLE = YES;
				IPHONEOS_DEPLOYMENT_TARGET = 15.2;
				MTL_ENABLE_DEBUG_INFO = NO;
				MTL_FAST_MATH = YES;
				SDKROOT = iphoneos;
				SWIFT_COMPILATION_MODE = wholemodule;
				SWIFT_OPTIMIZATION_LEVEL = "-O";
				VALIDATE_PRODUCT = YES;
			};
			name = Release;
		};
		16BD9E5C286E22AF00D91184 /* Debug */ = {
			isa = XCBuildConfiguration;
			buildSettings = {
				ASSETCATALOG_COMPILER_APPICON_NAME = AppIcon;
				ASSETCATALOG_COMPILER_GLOBAL_ACCENT_COLOR_NAME = AccentColor;
				CODE_SIGN_STYLE = Automatic;
				CURRENT_PROJECT_VERSION = 1;
				GENERATE_INFOPLIST_FILE = YES;
				INFOPLIST_FILE = esteeLauder/Info.plist;
				INFOPLIST_KEY_UIApplicationSupportsIndirectInputEvents = YES;
				INFOPLIST_KEY_UILaunchStoryboardName = LaunchScreen;
				INFOPLIST_KEY_UIMainStoryboardFile = Main;
				INFOPLIST_KEY_UISupportedInterfaceOrientations_iPad = "UIInterfaceOrientationPortrait UIInterfaceOrientationPortraitUpsideDown UIInterfaceOrientationLandscapeLeft UIInterfaceOrientationLandscapeRight";
				INFOPLIST_KEY_UISupportedInterfaceOrientations_iPhone = "UIInterfaceOrientationPortrait UIInterfaceOrientationLandscapeLeft UIInterfaceOrientationLandscapeRight";
				LD_RUNPATH_SEARCH_PATHS = (
					"$(inherited)",
					"@executable_path/Frameworks",
				);
				MARKETING_VERSION = 1.0;
				PRODUCT_BUNDLE_IDENTIFIER = Andrea.esteeLauder;
				PRODUCT_NAME = "$(TARGET_NAME)";
				SWIFT_EMIT_LOC_STRINGS = YES;
				SWIFT_VERSION = 5.0;
				TARGETED_DEVICE_FAMILY = "1,2";
			};
			name = Debug;
		};
		16BD9E5D286E22AF00D91184 /* Release */ = {
			isa = XCBuildConfiguration;
			buildSettings = {
				ASSETCATALOG_COMPILER_APPICON_NAME = AppIcon;
				ASSETCATALOG_COMPILER_GLOBAL_ACCENT_COLOR_NAME = AccentColor;
				CODE_SIGN_STYLE = Automatic;
				CURRENT_PROJECT_VERSION = 1;
				GENERATE_INFOPLIST_FILE = YES;
				INFOPLIST_FILE = esteeLauder/Info.plist;
				INFOPLIST_KEY_UIApplicationSupportsIndirectInputEvents = YES;
				INFOPLIST_KEY_UILaunchStoryboardName = LaunchScreen;
				INFOPLIST_KEY_UIMainStoryboardFile = Main;
				INFOPLIST_KEY_UISupportedInterfaceOrientations_iPad = "UIInterfaceOrientationPortrait UIInterfaceOrientationPortraitUpsideDown UIInterfaceOrientationLandscapeLeft UIInterfaceOrientationLandscapeRight";
				INFOPLIST_KEY_UISupportedInterfaceOrientations_iPhone = "UIInterfaceOrientationPortrait UIInterfaceOrientationLandscapeLeft UIInterfaceOrientationLandscapeRight";
				LD_RUNPATH_SEARCH_PATHS = (
					"$(inherited)",
					"@executable_path/Frameworks",
				);
				MARKETING_VERSION = 1.0;
				PRODUCT_BUNDLE_IDENTIFIER = Andrea.esteeLauder;
				PRODUCT_NAME = "$(TARGET_NAME)";
				SWIFT_EMIT_LOC_STRINGS = YES;
				SWIFT_VERSION = 5.0;
				TARGETED_DEVICE_FAMILY = "1,2";
			};
			name = Release;
		};
		16BD9E5F286E22AF00D91184 /* Debug */ = {
			isa = XCBuildConfiguration;
			buildSettings = {
				ALWAYS_EMBED_SWIFT_STANDARD_LIBRARIES = YES;
				BUNDLE_LOADER = "$(TEST_HOST)";
				CODE_SIGN_STYLE = Automatic;
				CURRENT_PROJECT_VERSION = 1;
				GENERATE_INFOPLIST_FILE = YES;
				IPHONEOS_DEPLOYMENT_TARGET = 15.2;
				MARKETING_VERSION = 1.0;
				PRODUCT_BUNDLE_IDENTIFIER = Andrea.esteeLauderTests;
				PRODUCT_NAME = "$(TARGET_NAME)";
				SWIFT_EMIT_LOC_STRINGS = NO;
				SWIFT_VERSION = 5.0;
				TARGETED_DEVICE_FAMILY = "1,2";
				TEST_HOST = "$(BUILT_PRODUCTS_DIR)/esteeLauder.app/esteeLauder";
			};
			name = Debug;
		};
		16BD9E60286E22AF00D91184 /* Release */ = {
			isa = XCBuildConfiguration;
			buildSettings = {
				ALWAYS_EMBED_SWIFT_STANDARD_LIBRARIES = YES;
				BUNDLE_LOADER = "$(TEST_HOST)";
				CODE_SIGN_STYLE = Automatic;
				CURRENT_PROJECT_VERSION = 1;
				GENERATE_INFOPLIST_FILE = YES;
				IPHONEOS_DEPLOYMENT_TARGET = 15.2;
				MARKETING_VERSION = 1.0;
				PRODUCT_BUNDLE_IDENTIFIER = Andrea.esteeLauderTests;
				PRODUCT_NAME = "$(TARGET_NAME)";
				SWIFT_EMIT_LOC_STRINGS = NO;
				SWIFT_VERSION = 5.0;
				TARGETED_DEVICE_FAMILY = "1,2";
				TEST_HOST = "$(BUILT_PRODUCTS_DIR)/esteeLauder.app/esteeLauder";
			};
			name = Release;
		};
		16BD9E62286E22AF00D91184 /* Debug */ = {
			isa = XCBuildConfiguration;
			buildSettings = {
				ALWAYS_EMBED_SWIFT_STANDARD_LIBRARIES = YES;
				CODE_SIGN_STYLE = Automatic;
				CURRENT_PROJECT_VERSION = 1;
				GENERATE_INFOPLIST_FILE = YES;
				MARKETING_VERSION = 1.0;
				PRODUCT_BUNDLE_IDENTIFIER = Andrea.esteeLauderUITests;
				PRODUCT_NAME = "$(TARGET_NAME)";
				SWIFT_EMIT_LOC_STRINGS = NO;
				SWIFT_VERSION = 5.0;
				TARGETED_DEVICE_FAMILY = "1,2";
				TEST_TARGET_NAME = esteeLauder;
			};
			name = Debug;
		};
		16BD9E63286E22AF00D91184 /* Release */ = {
			isa = XCBuildConfiguration;
			buildSettings = {
				ALWAYS_EMBED_SWIFT_STANDARD_LIBRARIES = YES;
				CODE_SIGN_STYLE = Automatic;
				CURRENT_PROJECT_VERSION = 1;
				GENERATE_INFOPLIST_FILE = YES;
				MARKETING_VERSION = 1.0;
				PRODUCT_BUNDLE_IDENTIFIER = Andrea.esteeLauderUITests;
				PRODUCT_NAME = "$(TARGET_NAME)";
				SWIFT_EMIT_LOC_STRINGS = NO;
				SWIFT_VERSION = 5.0;
				TARGETED_DEVICE_FAMILY = "1,2";
				TEST_TARGET_NAME = esteeLauder;
			};
			name = Release;
		};
/* End XCBuildConfiguration section */

/* Begin XCConfigurationList section */
		16BD9E29286E22A800D91184 /* Build configuration list for PBXProject "esteeLauder" */ = {
			isa = XCConfigurationList;
			buildConfigurations = (
				16BD9E59286E22AF00D91184 /* Debug */,
				16BD9E5A286E22AF00D91184 /* Release */,
			);
			defaultConfigurationIsVisible = 0;
			defaultConfigurationName = Release;
		};
		16BD9E5B286E22AF00D91184 /* Build configuration list for PBXNativeTarget "esteeLauder" */ = {
			isa = XCConfigurationList;
			buildConfigurations = (
				16BD9E5C286E22AF00D91184 /* Debug */,
				16BD9E5D286E22AF00D91184 /* Release */,
			);
			defaultConfigurationIsVisible = 0;
			defaultConfigurationName = Release;
		};
		16BD9E5E286E22AF00D91184 /* Build configuration list for PBXNativeTarget "esteeLauderTests" */ = {
			isa = XCConfigurationList;
			buildConfigurations = (
				16BD9E5F286E22AF00D91184 /* Debug */,
				16BD9E60286E22AF00D91184 /* Release */,
			);
			defaultConfigurationIsVisible = 0;
			defaultConfigurationName = Release;
		};
		16BD9E61286E22AF00D91184 /* Build configuration list for PBXNativeTarget "esteeLauderUITests" */ = {
			isa = XCConfigurationList;
			buildConfigurations = (
				16BD9E62286E22AF00D91184 /* Debug */,
				16BD9E63286E22AF00D91184 /* Release */,
			);
			defaultConfigurationIsVisible = 0;
			defaultConfigurationName = Release;
		};
/* End XCConfigurationList section */

/* Begin XCVersionGroup section */
		16BD9E3A286E22A800D91184 /* esteeLauder.xcdatamodeld */ = {
			isa = XCVersionGroup;
			children = (
				16BD9E3B286E22A800D91184 /* esteeLauder.xcdatamodel */,
			);
			currentVersion = 16BD9E3B286E22A800D91184 /* esteeLauder.xcdatamodel */;
			path = esteeLauder.xcdatamodeld;
			sourceTree = "<group>";
			versionGroupType = wrapper.xcdatamodel;
		};
/* End XCVersionGroup section */
	};
	rootObject = 16BD9E26286E22A800D91184 /* Project object */;
}
